# generated by rye
# use `rye lock` or `rye sync` to update this lockfile
#
# last locked with the following flags:
#   pre: false
#   features: []
#   all-features: false
#   with-sources: false
#   generate-hashes: false
#   universal: false

-e file:.
asgiref==3.8.1
    # via django
boto3==1.35.0
    # via django-iam-dbauth
botocore==1.35.0
    # via boto3
    # via s3transfer
django==5.1
    # via django-iam-dbauth
dnspython==2.6.1
    # via django-iam-dbauth
jmespath==1.0.1
    # via boto3
    # via botocore
python-dateutil==2.9.0.post0
    # via botocore
s3transfer==0.10.2
    # via boto3
six==1.16.0
    # via python-dateutil
sqlparse==0.5.1
    # via django
urllib3==2.2.2
    # via botocore
